
Microsoft Visual Studio Solution File, Format Version 12.00
# Visual Studio 15
VisualStudioVersion = 15.0.28307.1209
MinimumVisualStudioVersion = 10.0.40219.1
Project("{FAE04EC0-301F-11D3-BF4B-00C04F79EFBC}") = "DoAnMonPTPM", "DoAnMonPTPM\DoAnMonPTPM.csproj", "{A0D48746-1783-4FD5-9FC8-95C670A4741B}"
EndProject
Project("{FAE04EC0-301F-11D3-BF4B-00C04F79EFBC}") = "BLL_DAL", "BLL_DAL\BLL_DAL.csproj", "{B4D929CB-69D7-434A-A90F-D361F7250598}"
EndProject
Global
	GlobalSection(SolutionConfigurationPlatforms) = preSolution
		Debug|Any CPU = Debug|Any CPU
		Release|Any CPU = Release|Any CPU
	EndGlobalSection
	GlobalSection(ProjectConfigurationPlatforms) = postSolution
		{A0D48746-1783-4FD5-9FC8-95C670A4741B}.Debug|Any CPU.ActiveCfg = Debug|Any CPU
		{A0D48746-1783-4FD5-9FC8-95C670A4741B}.Debug|Any CPU.Build.0 = Debug|Any CPU
		{A0D48746-1783-4FD5-9FC8-95C670A4741B}.Release|Any CPU.ActiveCfg = Release|Any CPU
		{A0D48746-1783-4FD5-9FC8-95C670A4741B}.Release|Any CPU.Build.0 = Release|Any CPU
		{B4D929CB-69D7-434A-A90F-D361F7250598}.Debug|Any CPU.ActiveCfg = Debug|Any CPU
		{B4D929CB-69D7-434A-A90F-D361F7250598}.Debug|Any CPU.Build.0 = Debug|Any CPU
		{B4D929CB-69D7-434A-A90F-D361F7250598}.Release|Any CPU.ActiveCfg = Release|Any CPU
		{B4D929CB-69D7-434A-A90F-D361F7250598}.Release|Any CPU.Build.0 = Release|Any CPU
	EndGlobalSection
	GlobalSection(SolutionProperties) = preSolution
		HideSolutionNode = FALSE
	EndGlobalSection
	GlobalSection(ExtensibilityGlobals) = postSolution
		SolutionGuid = {B8EB79E7-3D55-4B07-A57C-1EED98D6B0BF}
	EndGlobalSection
EndGlobal
